
Microsoft Visual Studio Solution File, Format Version 12.00
# Visual Studio Version 16
VisualStudioVersion = 16.0.31613.86
MinimumVisualStudioVersion = 10.0.40219.1
Project("{FAE04EC0-301F-11D3-BF4B-00C04F79EFBC}") = "TodoMarcelo.Common", "TodoMarcelo.Common\TodoMarcelo.Common.csproj", "{7AF3D9D8-0D5E-4CDC-A706-AA88AED25DF1}"
EndProject
Project("{FAE04EC0-301F-11D3-BF4B-00C04F79EFBC}") = "TodoMarcelo.Functions", "TodoMarcelo.Functions\TodoMarcelo.Functions.csproj", "{7A722EA7-0240-46A8-BD30-F85CE5A4A7E0}"
EndProject
Project("{FAE04EC0-301F-11D3-BF4B-00C04F79EFBC}") = "TodoMarcelo.Tests", "TodoMarcelo.Tests\TodoMarcelo.Tests.csproj", "{19765031-7E10-4F7A-B614-B3779F5625CE}"
EndProject
Global
	GlobalSection(SolutionConfigurationPlatforms) = preSolution
		Debug|Any CPU = Debug|Any CPU
		Release|Any CPU = Release|Any CPU
	EndGlobalSection
	GlobalSection(ProjectConfigurationPlatforms) = postSolution
		{7AF3D9D8-0D5E-4CDC-A706-AA88AED25DF1}.Debug|Any CPU.ActiveCfg = Debug|Any CPU
		{7AF3D9D8-0D5E-4CDC-A706-AA88AED25DF1}.Debug|Any CPU.Build.0 = Debug|Any CPU
		{7AF3D9D8-0D5E-4CDC-A706-AA88AED25DF1}.Release|Any CPU.ActiveCfg = Release|Any CPU
		{7AF3D9D8-0D5E-4CDC-A706-AA88AED25DF1}.Release|Any CPU.Build.0 = Release|Any CPU
		{7A722EA7-0240-46A8-BD30-F85CE5A4A7E0}.Debug|Any CPU.ActiveCfg = Debug|Any CPU
		{7A722EA7-0240-46A8-BD30-F85CE5A4A7E0}.Debug|Any CPU.Build.0 = Debug|Any CPU
		{7A722EA7-0240-46A8-BD30-F85CE5A4A7E0}.Release|Any CPU.ActiveCfg = Release|Any CPU
		{7A722EA7-0240-46A8-BD30-F85CE5A4A7E0}.Release|Any CPU.Build.0 = Release|Any CPU
		{19765031-7E10-4F7A-B614-B3779F5625CE}.Debug|Any CPU.ActiveCfg = Debug|Any CPU
		{19765031-7E10-4F7A-B614-B3779F5625CE}.Debug|Any CPU.Build.0 = Debug|Any CPU
		{19765031-7E10-4F7A-B614-B3779F5625CE}.Release|Any CPU.ActiveCfg = Release|Any CPU
		{19765031-7E10-4F7A-B614-B3779F5625CE}.Release|Any CPU.Build.0 = Release|Any CPU
	EndGlobalSection
	GlobalSection(SolutionProperties) = preSolution
		HideSolutionNode = FALSE
	EndGlobalSection
	GlobalSection(ExtensibilityGlobals) = postSolution
		SolutionGuid = {4D88CA0E-5FF2-4BFF-82B1-7426773233A0}
	EndGlobalSection
EndGlobal
